
Microsoft Visual Studio Solution File, Format Version 12.00
# Visual Studio Version 17
VisualStudioVersion = 17.10.34928.147
MinimumVisualStudioVersion = 10.0.40219.1
Project("{54A90642-561A-4BB1-A94E-469ADEE60C69}") = "t-level_fe", "T-Level_FE\t-level_fe.esproj", "{1742C61D-5838-4E78-AA38-BDA0645FF2C7}"
EndProject
Global
	GlobalSection(SolutionConfigurationPlatforms) = preSolution
		Debug|Any CPU = Debug|Any CPU
		Release|Any CPU = Release|Any CPU
	EndGlobalSection
	GlobalSection(ProjectConfigurationPlatforms) = postSolution
		{1742C61D-5838-4E78-AA38-BDA0645FF2C7}.Debug|Any CPU.ActiveCfg = Debug|Any CPU
		{1742C61D-5838-4E78-AA38-BDA0645FF2C7}.Debug|Any CPU.Build.0 = Debug|Any CPU
		{1742C61D-5838-4E78-AA38-BDA0645FF2C7}.Debug|Any CPU.Deploy.0 = Debug|Any CPU
		{1742C61D-5838-4E78-AA38-BDA0645FF2C7}.Release|Any CPU.ActiveCfg = Release|Any CPU
		{1742C61D-5838-4E78-AA38-BDA0645FF2C7}.Release|Any CPU.Build.0 = Release|Any CPU
		{1742C61D-5838-4E78-AA38-BDA0645FF2C7}.Release|Any CPU.Deploy.0 = Release|Any CPU
	EndGlobalSection
	GlobalSection(SolutionProperties) = preSolution
		HideSolutionNode = FALSE
	EndGlobalSection
	GlobalSection(ExtensibilityGlobals) = postSolution
		SolutionGuid = {23F55AA7-F514-4723-9A2C-E3C67D47FAFE}
	EndGlobalSection
EndGlobal
